[root]
name = "main"
version = "0.1.0"
dependencies = [
 "config 0.1.0",
]

[[package]]
name = "app"
version = "0.1.0"
dependencies = [
 "gerust-app 0.1.0",
 "gerust-context 0.1.0",
 "gerust-controller 0.1.0",
 "gerust-router 0.1.0",
]

[[package]]
name = "config"
version = "0.1.0"
dependencies = [
 "app 0.1.0",
 "controllers 0.1.0",
 "gerust-app 0.1.0",
 "gerust-context 0.1.0",
 "gerust-controller 0.1.0",
 "gerust-http 0.1.0",
 "gerust-router 0.1.0",
 "url 1.4.1 (registry+https://github.com/rust-lang/crates.io-index)",
]

[[package]]
name = "controllers"
version = "0.1.0"
dependencies = [
 "gerust-context 0.1.0",
 "gerust-controller 0.1.0",
 "gerust-http 0.1.0",
 "gerust-router 0.1.0",
]

[[package]]
name = "futures"
version = "0.1.13"
source = "registry+https://github.com/rust-lang/crates.io-index"

[[package]]
name = "gerust-app"
version = "0.1.0"

[[package]]
name = "gerust-context"
version = "0.1.0"
dependencies = [
 "url 1.4.1 (registry+https://github.com/rust-lang/crates.io-index)",
]

[[package]]
name = "gerust-controller"
version = "0.1.0"
dependencies = [
 "gerust-context 0.1.0",
]

[[package]]
name = "gerust-http"
version = "0.1.0"
dependencies = [
 "gerust-context 0.1.0",
 "gerust-routing 0.1.0",
 "url 1.4.1 (registry+https://github.com/rust-lang/crates.io-index)",
]

[[package]]
name = "gerust-router"
version = "0.1.0"
dependencies = [
 "futures 0.1.13 (registry+https://github.com/rust-lang/crates.io-index)",
 "gerust-routing 0.1.0",
 "url 1.4.1 (registry+https://github.com/rust-lang/crates.io-index)",
]

[[package]]
name = "gerust-routing"
version = "0.1.0"
dependencies = [
 "futures 0.1.13 (registry+https://github.com/rust-lang/crates.io-index)",
 "url 1.4.1 (registry+https://github.com/rust-lang/crates.io-index)",
]

[[package]]
name = "idna"
version = "0.1.2"
source = "registry+https://github.com/rust-lang/crates.io-index"
dependencies = [
 "matches 0.1.4 (registry+https://github.com/rust-lang/crates.io-index)",
 "unicode-bidi 0.3.2 (registry+https://github.com/rust-lang/crates.io-index)",
 "unicode-normalization 0.1.4 (registry+https://github.com/rust-lang/crates.io-index)",
]

[[package]]
name = "matches"
version = "0.1.4"
source = "registry+https://github.com/rust-lang/crates.io-index"

[[package]]
name = "unicode-bidi"
version = "0.3.2"
source = "registry+https://github.com/rust-lang/crates.io-index"
dependencies = [
 "matches 0.1.4 (registry+https://github.com/rust-lang/crates.io-index)",
]

[[package]]
name = "unicode-normalization"
version = "0.1.4"
source = "registry+https://github.com/rust-lang/crates.io-index"

[[package]]
name = "url"
version = "1.4.1"
source = "registry+https://github.com/rust-lang/crates.io-index"
dependencies = [
 "idna 0.1.2 (registry+https://github.com/rust-lang/crates.io-index)",
 "matches 0.1.4 (registry+https://github.com/rust-lang/crates.io-index)",
]

[metadata]
"checksum futures 0.1.13 (registry+https://github.com/rust-lang/crates.io-index)" = "55f0008e13fc853f79ea8fc86e931486860d4c4c156cdffb59fa5f7fa833660a"
"checksum idna 0.1.2 (registry+https://github.com/rust-lang/crates.io-index)" = "2233d4940b1f19f0418c158509cd7396b8d70a5db5705ce410914dc8fa603b37"
"checksum matches 0.1.4 (registry+https://github.com/rust-lang/crates.io-index)" = "efd7622e3022e1a6eaa602c4cea8912254e5582c9c692e9167714182244801b1"
"checksum unicode-bidi 0.3.2 (registry+https://github.com/rust-lang/crates.io-index)" = "916219eb752dd865717c9b21064401c6ee843dc91ed659c144591e0c87c56d59"
"checksum unicode-normalization 0.1.4 (registry+https://github.com/rust-lang/crates.io-index)" = "e28fa37426fceeb5cf8f41ee273faa7c82c47dc8fba5853402841e665fcd86ff"
"checksum url 1.4.1 (registry+https://github.com/rust-lang/crates.io-index)" = "3e2ba3456fbe5c0098cb877cf08b92b76c3e18e0be9e47c35b487220d377d24e"
